
Microsoft Visual Studio Solution File, Format Version 12.00
# Visual Studio Version 17
VisualStudioVersion = 17.3.32819.101
MinimumVisualStudioVersion = 10.0.40219.1
Project("{FAE04EC0-301F-11D3-BF4B-00C04F79EFBC}") = "FuncTest", "FuncTest.csproj", "{FA978DB8-949C-4F75-9008-33E2BD75865C}"
EndProject
Global
	GlobalSection(SolutionConfigurationPlatforms) = preSolution
		Debug|Any CPU = Debug|Any CPU
		Release|Any CPU = Release|Any CPU
	EndGlobalSection
	GlobalSection(ProjectConfigurationPlatforms) = postSolution
		{FA978DB8-949C-4F75-9008-33E2BD75865C}.Debug|Any CPU.ActiveCfg = Debug|Any CPU
		{FA978DB8-949C-4F75-9008-33E2BD75865C}.Debug|Any CPU.Build.0 = Debug|Any CPU
		{FA978DB8-949C-4F75-9008-33E2BD75865C}.Release|Any CPU.ActiveCfg = Release|Any CPU
		{FA978DB8-949C-4F75-9008-33E2BD75865C}.Release|Any CPU.Build.0 = Release|Any CPU
	EndGlobalSection
	GlobalSection(SolutionProperties) = preSolution
		HideSolutionNode = FALSE
	EndGlobalSection
	GlobalSection(ExtensibilityGlobals) = postSolution
		SolutionGuid = {0F1D5186-C0C5-4E6A-8D41-54C0522DFD4B}
	EndGlobalSection
EndGlobal
