
Microsoft Visual Studio Solution File, Format Version 12.00
# Visual Studio Version 17
VisualStudioVersion = 17.3.32819.101
MinimumVisualStudioVersion = 10.0.40219.1
Project("{FAE04EC0-301F-11D3-BF4B-00C04F79EFBC}") = "ArraySample2", "ArraySample2.csproj", "{45128455-7453-403F-833B-3E6F1F8F55E6}"
EndProject
Global
	GlobalSection(SolutionConfigurationPlatforms) = preSolution
		Debug|Any CPU = Debug|Any CPU
		Release|Any CPU = Release|Any CPU
	EndGlobalSection
	GlobalSection(ProjectConfigurationPlatforms) = postSolution
		{45128455-7453-403F-833B-3E6F1F8F55E6}.Debug|Any CPU.ActiveCfg = Debug|Any CPU
		{45128455-7453-403F-833B-3E6F1F8F55E6}.Debug|Any CPU.Build.0 = Debug|Any CPU
		{45128455-7453-403F-833B-3E6F1F8F55E6}.Release|Any CPU.ActiveCfg = Release|Any CPU
		{45128455-7453-403F-833B-3E6F1F8F55E6}.Release|Any CPU.Build.0 = Release|Any CPU
	EndGlobalSection
	GlobalSection(SolutionProperties) = preSolution
		HideSolutionNode = FALSE
	EndGlobalSection
	GlobalSection(ExtensibilityGlobals) = postSolution
		SolutionGuid = {B6305DEC-3D7F-4661-8EFA-01DD61103D1F}
	EndGlobalSection
EndGlobal
