
Microsoft Visual Studio Solution File, Format Version 12.00
# Visual Studio Version 17
VisualStudioVersion = 17.3.32819.101
MinimumVisualStudioVersion = 10.0.40219.1
Project("{FAE04EC0-301F-11D3-BF4B-00C04F79EFBC}") = "PartialClass", "PartialClass.csproj", "{74449C13-EC95-479F-8FC0-EAAD47659EAF}"
EndProject
Global
	GlobalSection(SolutionConfigurationPlatforms) = preSolution
		Debug|Any CPU = Debug|Any CPU
		Release|Any CPU = Release|Any CPU
	EndGlobalSection
	GlobalSection(ProjectConfigurationPlatforms) = postSolution
		{74449C13-EC95-479F-8FC0-EAAD47659EAF}.Debug|Any CPU.ActiveCfg = Debug|Any CPU
		{74449C13-EC95-479F-8FC0-EAAD47659EAF}.Debug|Any CPU.Build.0 = Debug|Any CPU
		{74449C13-EC95-479F-8FC0-EAAD47659EAF}.Release|Any CPU.ActiveCfg = Release|Any CPU
		{74449C13-EC95-479F-8FC0-EAAD47659EAF}.Release|Any CPU.Build.0 = Release|Any CPU
	EndGlobalSection
	GlobalSection(SolutionProperties) = preSolution
		HideSolutionNode = FALSE
	EndGlobalSection
	GlobalSection(ExtensibilityGlobals) = postSolution
		SolutionGuid = {EB673714-6711-44FC-BC6E-56CB55AF6C64}
	EndGlobalSection
EndGlobal
