
Microsoft Visual Studio Solution File, Format Version 12.00
# Visual Studio Version 17
VisualStudioVersion = 17.3.32819.101
MinimumVisualStudioVersion = 10.0.40219.1
Project("{FAE04EC0-301F-11D3-BF4B-00C04F79EFBC}") = "ReadonlyMothod", "ReadonlyMothod.csproj", "{73E923CE-BABF-40E3-9E9A-B55B8C15748D}"
EndProject
Global
	GlobalSection(SolutionConfigurationPlatforms) = preSolution
		Debug|Any CPU = Debug|Any CPU
		Release|Any CPU = Release|Any CPU
	EndGlobalSection
	GlobalSection(ProjectConfigurationPlatforms) = postSolution
		{73E923CE-BABF-40E3-9E9A-B55B8C15748D}.Debug|Any CPU.ActiveCfg = Debug|Any CPU
		{73E923CE-BABF-40E3-9E9A-B55B8C15748D}.Debug|Any CPU.Build.0 = Debug|Any CPU
		{73E923CE-BABF-40E3-9E9A-B55B8C15748D}.Release|Any CPU.ActiveCfg = Release|Any CPU
		{73E923CE-BABF-40E3-9E9A-B55B8C15748D}.Release|Any CPU.Build.0 = Release|Any CPU
	EndGlobalSection
	GlobalSection(SolutionProperties) = preSolution
		HideSolutionNode = FALSE
	EndGlobalSection
	GlobalSection(ExtensibilityGlobals) = postSolution
		SolutionGuid = {D3A78AAA-F0F4-4017-A378-E1B831C2C273}
	EndGlobalSection
EndGlobal
