
Microsoft Visual Studio Solution File, Format Version 12.00
# Visual Studio Version 17
VisualStudioVersion = 17.3.32819.101
MinimumVisualStudioVersion = 10.0.40219.1
Project("{FAE04EC0-301F-11D3-BF4B-00C04F79EFBC}") = "AssignmentOperator", "AssignmentOperator.csproj", "{E5CAC5AA-396E-4CAD-9B5B-D19B4AA4F223}"
EndProject
Global
	GlobalSection(SolutionConfigurationPlatforms) = preSolution
		Debug|Any CPU = Debug|Any CPU
		Release|Any CPU = Release|Any CPU
	EndGlobalSection
	GlobalSection(ProjectConfigurationPlatforms) = postSolution
		{E5CAC5AA-396E-4CAD-9B5B-D19B4AA4F223}.Debug|Any CPU.ActiveCfg = Debug|Any CPU
		{E5CAC5AA-396E-4CAD-9B5B-D19B4AA4F223}.Debug|Any CPU.Build.0 = Debug|Any CPU
		{E5CAC5AA-396E-4CAD-9B5B-D19B4AA4F223}.Release|Any CPU.ActiveCfg = Release|Any CPU
		{E5CAC5AA-396E-4CAD-9B5B-D19B4AA4F223}.Release|Any CPU.Build.0 = Release|Any CPU
	EndGlobalSection
	GlobalSection(SolutionProperties) = preSolution
		HideSolutionNode = FALSE
	EndGlobalSection
	GlobalSection(ExtensibilityGlobals) = postSolution
		SolutionGuid = {304F7551-CE23-4A07-84B0-A5CF6699378D}
	EndGlobalSection
EndGlobal
