
Microsoft Visual Studio Solution File, Format Version 12.00
# Visual Studio Version 17
VisualStudioVersion = 17.3.32819.101
MinimumVisualStudioVersion = 10.0.40219.1
Project("{FAE04EC0-301F-11D3-BF4B-00C04F79EFBC}") = "UsingGenericQueue", "UsingGenericQueue.csproj", "{3000877A-48BE-4D69-AD03-63BDD3F6B352}"
EndProject
Global
	GlobalSection(SolutionConfigurationPlatforms) = preSolution
		Debug|Any CPU = Debug|Any CPU
		Release|Any CPU = Release|Any CPU
	EndGlobalSection
	GlobalSection(ProjectConfigurationPlatforms) = postSolution
		{3000877A-48BE-4D69-AD03-63BDD3F6B352}.Debug|Any CPU.ActiveCfg = Debug|Any CPU
		{3000877A-48BE-4D69-AD03-63BDD3F6B352}.Debug|Any CPU.Build.0 = Debug|Any CPU
		{3000877A-48BE-4D69-AD03-63BDD3F6B352}.Release|Any CPU.ActiveCfg = Release|Any CPU
		{3000877A-48BE-4D69-AD03-63BDD3F6B352}.Release|Any CPU.Build.0 = Release|Any CPU
	EndGlobalSection
	GlobalSection(SolutionProperties) = preSolution
		HideSolutionNode = FALSE
	EndGlobalSection
	GlobalSection(ExtensibilityGlobals) = postSolution
		SolutionGuid = {D8A848F7-21CB-48CB-9D65-D8F4700059EA}
	EndGlobalSection
EndGlobal
