
Microsoft Visual Studio Solution File, Format Version 12.00
# Visual Studio Version 17
VisualStudioVersion = 17.3.32819.101
MinimumVisualStudioVersion = 10.0.40219.1
Project("{FAE04EC0-301F-11D3-BF4B-00C04F79EFBC}") = "AutoImpIementedProperty", "AutoImpIementedProperty.csproj", "{C3EAE217-95C2-44E0-9595-3BC1ED6F94E0}"
EndProject
Global
	GlobalSection(SolutionConfigurationPlatforms) = preSolution
		Debug|Any CPU = Debug|Any CPU
		Release|Any CPU = Release|Any CPU
	EndGlobalSection
	GlobalSection(ProjectConfigurationPlatforms) = postSolution
		{C3EAE217-95C2-44E0-9595-3BC1ED6F94E0}.Debug|Any CPU.ActiveCfg = Debug|Any CPU
		{C3EAE217-95C2-44E0-9595-3BC1ED6F94E0}.Debug|Any CPU.Build.0 = Debug|Any CPU
		{C3EAE217-95C2-44E0-9595-3BC1ED6F94E0}.Release|Any CPU.ActiveCfg = Release|Any CPU
		{C3EAE217-95C2-44E0-9595-3BC1ED6F94E0}.Release|Any CPU.Build.0 = Release|Any CPU
	EndGlobalSection
	GlobalSection(SolutionProperties) = preSolution
		HideSolutionNode = FALSE
	EndGlobalSection
	GlobalSection(ExtensibilityGlobals) = postSolution
		SolutionGuid = {3411E628-A103-46CF-B9C0-EE9212C56360}
	EndGlobalSection
EndGlobal
