
Microsoft Visual Studio Solution File, Format Version 12.00
# Visual Studio Version 17
VisualStudioVersion = 17.3.32819.101
MinimumVisualStudioVersion = 10.0.40219.1
Project("{FAE04EC0-301F-11D3-BF4B-00C04F79EFBC}") = "ConsoleApp19", "ConsoleApp19.csproj", "{ACFB4F29-39DD-4911-9DFB-7D995D07DE4F}"
EndProject
Global
	GlobalSection(SolutionConfigurationPlatforms) = preSolution
		Debug|Any CPU = Debug|Any CPU
		Release|Any CPU = Release|Any CPU
	EndGlobalSection
	GlobalSection(ProjectConfigurationPlatforms) = postSolution
		{ACFB4F29-39DD-4911-9DFB-7D995D07DE4F}.Debug|Any CPU.ActiveCfg = Debug|Any CPU
		{ACFB4F29-39DD-4911-9DFB-7D995D07DE4F}.Debug|Any CPU.Build.0 = Debug|Any CPU
		{ACFB4F29-39DD-4911-9DFB-7D995D07DE4F}.Release|Any CPU.ActiveCfg = Release|Any CPU
		{ACFB4F29-39DD-4911-9DFB-7D995D07DE4F}.Release|Any CPU.Build.0 = Release|Any CPU
	EndGlobalSection
	GlobalSection(SolutionProperties) = preSolution
		HideSolutionNode = FALSE
	EndGlobalSection
	GlobalSection(ExtensibilityGlobals) = postSolution
		SolutionGuid = {BF3BF183-0A07-4371-ACF4-CD4ED7D9C58D}
	EndGlobalSection
EndGlobal
