
Microsoft Visual Studio Solution File, Format Version 12.00
# Visual Studio Version 17
VisualStudioVersion = 17.3.32819.101
MinimumVisualStudioVersion = 10.0.40219.1
Project("{FAE04EC0-301F-11D3-BF4B-00C04F79EFBC}") = "Generic", "Generic.csproj", "{BB80091D-28BA-484A-900D-D59205E2DD0F}"
EndProject
Global
	GlobalSection(SolutionConfigurationPlatforms) = preSolution
		Debug|Any CPU = Debug|Any CPU
		Release|Any CPU = Release|Any CPU
	EndGlobalSection
	GlobalSection(ProjectConfigurationPlatforms) = postSolution
		{BB80091D-28BA-484A-900D-D59205E2DD0F}.Debug|Any CPU.ActiveCfg = Debug|Any CPU
		{BB80091D-28BA-484A-900D-D59205E2DD0F}.Debug|Any CPU.Build.0 = Debug|Any CPU
		{BB80091D-28BA-484A-900D-D59205E2DD0F}.Release|Any CPU.ActiveCfg = Release|Any CPU
		{BB80091D-28BA-484A-900D-D59205E2DD0F}.Release|Any CPU.Build.0 = Release|Any CPU
	EndGlobalSection
	GlobalSection(SolutionProperties) = preSolution
		HideSolutionNode = FALSE
	EndGlobalSection
	GlobalSection(ExtensibilityGlobals) = postSolution
		SolutionGuid = {5174D011-15C8-428C-B7EA-95E10DAE3C25}
	EndGlobalSection
EndGlobal
