
Microsoft Visual Studio Solution File, Format Version 12.00
# Visual Studio Version 17
VisualStudioVersion = 17.3.32819.101
MinimumVisualStudioVersion = 10.0.40219.1
Project("{FAE04EC0-301F-11D3-BF4B-00C04F79EFBC}") = "UsingList", "UsingList.csproj", "{4EA2A79D-EF60-4C19-AAE2-268894752E09}"
EndProject
Global
	GlobalSection(SolutionConfigurationPlatforms) = preSolution
		Debug|Any CPU = Debug|Any CPU
		Release|Any CPU = Release|Any CPU
	EndGlobalSection
	GlobalSection(ProjectConfigurationPlatforms) = postSolution
		{4EA2A79D-EF60-4C19-AAE2-268894752E09}.Debug|Any CPU.ActiveCfg = Debug|Any CPU
		{4EA2A79D-EF60-4C19-AAE2-268894752E09}.Debug|Any CPU.Build.0 = Debug|Any CPU
		{4EA2A79D-EF60-4C19-AAE2-268894752E09}.Release|Any CPU.ActiveCfg = Release|Any CPU
		{4EA2A79D-EF60-4C19-AAE2-268894752E09}.Release|Any CPU.Build.0 = Release|Any CPU
	EndGlobalSection
	GlobalSection(SolutionProperties) = preSolution
		HideSolutionNode = FALSE
	EndGlobalSection
	GlobalSection(ExtensibilityGlobals) = postSolution
		SolutionGuid = {64BFF886-94B9-439C-A568-BAC813D1049A}
	EndGlobalSection
EndGlobal
