
Microsoft Visual Studio Solution File, Format Version 12.00
# Visual Studio Version 17
VisualStudioVersion = 17.3.32819.101
MinimumVisualStudioVersion = 10.0.40219.1
Project("{FAE04EC0-301F-11D3-BF4B-00C04F79EFBC}") = "ExceptionFiltering", "ExceptionFiltering.csproj", "{761F7D13-E79F-4A78-8016-440B22D3ADF4}"
EndProject
Global
	GlobalSection(SolutionConfigurationPlatforms) = preSolution
		Debug|Any CPU = Debug|Any CPU
		Release|Any CPU = Release|Any CPU
	EndGlobalSection
	GlobalSection(ProjectConfigurationPlatforms) = postSolution
		{761F7D13-E79F-4A78-8016-440B22D3ADF4}.Debug|Any CPU.ActiveCfg = Debug|Any CPU
		{761F7D13-E79F-4A78-8016-440B22D3ADF4}.Debug|Any CPU.Build.0 = Debug|Any CPU
		{761F7D13-E79F-4A78-8016-440B22D3ADF4}.Release|Any CPU.ActiveCfg = Release|Any CPU
		{761F7D13-E79F-4A78-8016-440B22D3ADF4}.Release|Any CPU.Build.0 = Release|Any CPU
	EndGlobalSection
	GlobalSection(SolutionProperties) = preSolution
		HideSolutionNode = FALSE
	EndGlobalSection
	GlobalSection(ExtensibilityGlobals) = postSolution
		SolutionGuid = {09C7E2F6-097E-4D3E-8FFD-5A63A0AD6FDA}
	EndGlobalSection
EndGlobal
