
Microsoft Visual Studio Solution File, Format Version 12.00
# Visual Studio Version 17
VisualStudioVersion = 17.3.32819.101
MinimumVisualStudioVersion = 10.0.40219.1
Project("{FAE04EC0-301F-11D3-BF4B-00C04F79EFBC}") = "NamedParameter", "NamedParameter.csproj", "{D8FB3791-32D5-4EAD-AB62-0119FD11079E}"
EndProject
Global
	GlobalSection(SolutionConfigurationPlatforms) = preSolution
		Debug|Any CPU = Debug|Any CPU
		Release|Any CPU = Release|Any CPU
	EndGlobalSection
	GlobalSection(ProjectConfigurationPlatforms) = postSolution
		{D8FB3791-32D5-4EAD-AB62-0119FD11079E}.Debug|Any CPU.ActiveCfg = Debug|Any CPU
		{D8FB3791-32D5-4EAD-AB62-0119FD11079E}.Debug|Any CPU.Build.0 = Debug|Any CPU
		{D8FB3791-32D5-4EAD-AB62-0119FD11079E}.Release|Any CPU.ActiveCfg = Release|Any CPU
		{D8FB3791-32D5-4EAD-AB62-0119FD11079E}.Release|Any CPU.Build.0 = Release|Any CPU
	EndGlobalSection
	GlobalSection(SolutionProperties) = preSolution
		HideSolutionNode = FALSE
	EndGlobalSection
	GlobalSection(ExtensibilityGlobals) = postSolution
		SolutionGuid = {036CE32B-BBB4-4817-911A-0B75A178813A}
	EndGlobalSection
EndGlobal
