
Microsoft Visual Studio Solution File, Format Version 12.00
# Visual Studio Version 17
VisualStudioVersion = 17.3.32819.101
MinimumVisualStudioVersion = 10.0.40219.1
Project("{FAE04EC0-301F-11D3-BF4B-00C04F79EFBC}") = "BitwiseOperator", "BitwiseOperator.csproj", "{BE7A5D9D-C758-401C-AB15-C3C70E38421A}"
EndProject
Global
	GlobalSection(SolutionConfigurationPlatforms) = preSolution
		Debug|Any CPU = Debug|Any CPU
		Release|Any CPU = Release|Any CPU
	EndGlobalSection
	GlobalSection(ProjectConfigurationPlatforms) = postSolution
		{BE7A5D9D-C758-401C-AB15-C3C70E38421A}.Debug|Any CPU.ActiveCfg = Debug|Any CPU
		{BE7A5D9D-C758-401C-AB15-C3C70E38421A}.Debug|Any CPU.Build.0 = Debug|Any CPU
		{BE7A5D9D-C758-401C-AB15-C3C70E38421A}.Release|Any CPU.ActiveCfg = Release|Any CPU
		{BE7A5D9D-C758-401C-AB15-C3C70E38421A}.Release|Any CPU.Build.0 = Release|Any CPU
	EndGlobalSection
	GlobalSection(SolutionProperties) = preSolution
		HideSolutionNode = FALSE
	EndGlobalSection
	GlobalSection(ExtensibilityGlobals) = postSolution
		SolutionGuid = {BD675C38-AC6B-43C5-9D32-8CC916035D08}
	EndGlobalSection
EndGlobal
