
Microsoft Visual Studio Solution File, Format Version 12.00
# Visual Studio Version 17
VisualStudioVersion = 17.3.32819.101
MinimumVisualStudioVersion = 10.0.40219.1
Project("{FAE04EC0-301F-11D3-BF4B-00C04F79EFBC}") = "Overloading", "Overloading.csproj", "{29295391-4510-4B5E-92F1-980392AF0468}"
EndProject
Global
	GlobalSection(SolutionConfigurationPlatforms) = preSolution
		Debug|Any CPU = Debug|Any CPU
		Release|Any CPU = Release|Any CPU
	EndGlobalSection
	GlobalSection(ProjectConfigurationPlatforms) = postSolution
		{29295391-4510-4B5E-92F1-980392AF0468}.Debug|Any CPU.ActiveCfg = Debug|Any CPU
		{29295391-4510-4B5E-92F1-980392AF0468}.Debug|Any CPU.Build.0 = Debug|Any CPU
		{29295391-4510-4B5E-92F1-980392AF0468}.Release|Any CPU.ActiveCfg = Release|Any CPU
		{29295391-4510-4B5E-92F1-980392AF0468}.Release|Any CPU.Build.0 = Release|Any CPU
	EndGlobalSection
	GlobalSection(SolutionProperties) = preSolution
		HideSolutionNode = FALSE
	EndGlobalSection
	GlobalSection(ExtensibilityGlobals) = postSolution
		SolutionGuid = {D0231BFA-0659-404D-8679-C627ED521E6F}
	EndGlobalSection
EndGlobal
