
Microsoft Visual Studio Solution File, Format Version 12.00
# Visual Studio Version 17
VisualStudioVersion = 17.10.34928.147
MinimumVisualStudioVersion = 10.0.40219.1
Project("{FAE04EC0-301F-11D3-BF4B-00C04F79EFBC}") = "2장", "2장\2장.csproj", "{87F11AD8-232F-4EB7-B899-E8C0282F2B74}"
EndProject
Global
	GlobalSection(SolutionConfigurationPlatforms) = preSolution
		Debug|Any CPU = Debug|Any CPU
		Release|Any CPU = Release|Any CPU
	EndGlobalSection
	GlobalSection(ProjectConfigurationPlatforms) = postSolution
		{87F11AD8-232F-4EB7-B899-E8C0282F2B74}.Debug|Any CPU.ActiveCfg = Debug|Any CPU
		{87F11AD8-232F-4EB7-B899-E8C0282F2B74}.Debug|Any CPU.Build.0 = Debug|Any CPU
		{87F11AD8-232F-4EB7-B899-E8C0282F2B74}.Release|Any CPU.ActiveCfg = Release|Any CPU
		{87F11AD8-232F-4EB7-B899-E8C0282F2B74}.Release|Any CPU.Build.0 = Release|Any CPU
	EndGlobalSection
	GlobalSection(SolutionProperties) = preSolution
		HideSolutionNode = FALSE
	EndGlobalSection
	GlobalSection(ExtensibilityGlobals) = postSolution
		SolutionGuid = {8EB432F8-C4F5-41DE-99FC-E498BBD5074D}
	EndGlobalSection
EndGlobal
