
Microsoft Visual Studio Solution File, Format Version 12.00
# Visual Studio Version 17
VisualStudioVersion = 17.3.32819.101
MinimumVisualStudioVersion = 10.0.40219.1
Project("{FAE04EC0-301F-11D3-BF4B-00C04F79EFBC}") = "EnumerableGeneric", "EnumerableGeneric.csproj", "{319025F5-F7D9-4859-BC0B-F181C2B68BB4}"
EndProject
Global
	GlobalSection(SolutionConfigurationPlatforms) = preSolution
		Debug|Any CPU = Debug|Any CPU
		Release|Any CPU = Release|Any CPU
	EndGlobalSection
	GlobalSection(ProjectConfigurationPlatforms) = postSolution
		{319025F5-F7D9-4859-BC0B-F181C2B68BB4}.Debug|Any CPU.ActiveCfg = Debug|Any CPU
		{319025F5-F7D9-4859-BC0B-F181C2B68BB4}.Debug|Any CPU.Build.0 = Debug|Any CPU
		{319025F5-F7D9-4859-BC0B-F181C2B68BB4}.Release|Any CPU.ActiveCfg = Release|Any CPU
		{319025F5-F7D9-4859-BC0B-F181C2B68BB4}.Release|Any CPU.Build.0 = Release|Any CPU
	EndGlobalSection
	GlobalSection(SolutionProperties) = preSolution
		HideSolutionNode = FALSE
	EndGlobalSection
	GlobalSection(ExtensibilityGlobals) = postSolution
		SolutionGuid = {D43284C7-DBD8-4428-B34F-1809E9749E99}
	EndGlobalSection
EndGlobal
