
Microsoft Visual Studio Solution File, Format Version 12.00
# Visual Studio Version 17
VisualStudioVersion = 17.3.32819.101
MinimumVisualStudioVersion = 10.0.40219.1
Project("{FAE04EC0-301F-11D3-BF4B-00C04F79EFBC}") = "AnonymousType", "AnonymousType.csproj", "{A9868C9B-4AF3-4929-94BF-E67B0474D27A}"
EndProject
Global
	GlobalSection(SolutionConfigurationPlatforms) = preSolution
		Debug|Any CPU = Debug|Any CPU
		Release|Any CPU = Release|Any CPU
	EndGlobalSection
	GlobalSection(ProjectConfigurationPlatforms) = postSolution
		{A9868C9B-4AF3-4929-94BF-E67B0474D27A}.Debug|Any CPU.ActiveCfg = Debug|Any CPU
		{A9868C9B-4AF3-4929-94BF-E67B0474D27A}.Debug|Any CPU.Build.0 = Debug|Any CPU
		{A9868C9B-4AF3-4929-94BF-E67B0474D27A}.Release|Any CPU.ActiveCfg = Release|Any CPU
		{A9868C9B-4AF3-4929-94BF-E67B0474D27A}.Release|Any CPU.Build.0 = Release|Any CPU
	EndGlobalSection
	GlobalSection(SolutionProperties) = preSolution
		HideSolutionNode = FALSE
	EndGlobalSection
	GlobalSection(ExtensibilityGlobals) = postSolution
		SolutionGuid = {65FF34FD-2DBD-4F96-9708-0055738B5DC2}
	EndGlobalSection
EndGlobal
