
Microsoft Visual Studio Solution File, Format Version 12.00
# Visual Studio Version 17
VisualStudioVersion = 17.3.32819.101
MinimumVisualStudioVersion = 10.0.40219.1
Project("{FAE04EC0-301F-11D3-BF4B-00C04F79EFBC}") = "UsingParams", "UsingParams.csproj", "{9C633754-54EA-4DEC-A7C1-A37EEEA65F73}"
EndProject
Global
	GlobalSection(SolutionConfigurationPlatforms) = preSolution
		Debug|Any CPU = Debug|Any CPU
		Release|Any CPU = Release|Any CPU
	EndGlobalSection
	GlobalSection(ProjectConfigurationPlatforms) = postSolution
		{9C633754-54EA-4DEC-A7C1-A37EEEA65F73}.Debug|Any CPU.ActiveCfg = Debug|Any CPU
		{9C633754-54EA-4DEC-A7C1-A37EEEA65F73}.Debug|Any CPU.Build.0 = Debug|Any CPU
		{9C633754-54EA-4DEC-A7C1-A37EEEA65F73}.Release|Any CPU.ActiveCfg = Release|Any CPU
		{9C633754-54EA-4DEC-A7C1-A37EEEA65F73}.Release|Any CPU.Build.0 = Release|Any CPU
	EndGlobalSection
	GlobalSection(SolutionProperties) = preSolution
		HideSolutionNode = FALSE
	EndGlobalSection
	GlobalSection(ExtensibilityGlobals) = postSolution
		SolutionGuid = {5F20F38E-123C-4370-8889-37D071F0387E}
	EndGlobalSection
EndGlobal
