
Microsoft Visual Studio Solution File, Format Version 12.00
# Visual Studio Version 17
VisualStudioVersion = 17.3.32819.101
MinimumVisualStudioVersion = 10.0.40219.1
Project("{FAE04EC0-301F-11D3-BF4B-00C04F79EFBC}") = "PropertiesInInterface", "PropertiesInInterface.csproj", "{5CF753FB-9D79-43B6-B1EE-27ECD471529F}"
EndProject
Global
	GlobalSection(SolutionConfigurationPlatforms) = preSolution
		Debug|Any CPU = Debug|Any CPU
		Release|Any CPU = Release|Any CPU
	EndGlobalSection
	GlobalSection(ProjectConfigurationPlatforms) = postSolution
		{5CF753FB-9D79-43B6-B1EE-27ECD471529F}.Debug|Any CPU.ActiveCfg = Debug|Any CPU
		{5CF753FB-9D79-43B6-B1EE-27ECD471529F}.Debug|Any CPU.Build.0 = Debug|Any CPU
		{5CF753FB-9D79-43B6-B1EE-27ECD471529F}.Release|Any CPU.ActiveCfg = Release|Any CPU
		{5CF753FB-9D79-43B6-B1EE-27ECD471529F}.Release|Any CPU.Build.0 = Release|Any CPU
	EndGlobalSection
	GlobalSection(SolutionProperties) = preSolution
		HideSolutionNode = FALSE
	EndGlobalSection
	GlobalSection(ExtensibilityGlobals) = postSolution
		SolutionGuid = {6C5AF35B-84C5-4819-A6FE-70763EEF13E2}
	EndGlobalSection
EndGlobal
